{
  "requires": true,
  "lockfileVersion": 1,
  "dependencies": {
    "angular-oauth2-oidc-jwks": {
      "version": "9.0.0",
      "resolved": "https://registry.npmjs.org/angular-oauth2-oidc-jwks/-/angular-oauth2-oidc-jwks-9.0.0.tgz",
      "integrity": "sha512-3hTJc7vEI/ka/nnliMcCQuDnszzL3AhGInBBbn96BO+ZOdvP/4PbEumUsDto2WRpPMPxD6HAmExwYeQWljcc5A==",
      "requires": {
        "jsrsasign": "^8.0.12"
      }
    },
    "jsrsasign": {
      "version": "8.0.24",
      "resolved": "https://registry.npmjs.org/jsrsasign/-/jsrsasign-8.0.24.tgz",
      "integrity": "sha512-u45jAyusqUpyGbFc2IbHoeE4rSkoBWQgLe/w99temHenX+GyCz4nflU5sjK7ajU1ffZTezl6le7u43Yjr/lkQg=="
    }
  }
}
